
Microsoft Visual Studio Solution File, Format Version 12.00
# Visual Studio Version 17
VisualStudioVersion = 17.4.33110.190
MinimumVisualStudioVersion = 10.0.40219.1
Project("{FAE04EC0-301F-11D3-BF4B-00C04F79EFBC}") = "ExpenseTracker", "ExpenseTracker\ExpenseTracker.csproj", "{9C44348C-8EA7-40EC-A5BA-109543D92579}"
EndProject
Project("{FAE04EC0-301F-11D3-BF4B-00C04F79EFBC}") = "BusinessLayer", "BusinessLayer\BusinessLayer.csproj", "{9E5FC0E5-46ED-4647-9018-3B0CD3011177}"
EndProject
Global
	GlobalSection(SolutionConfigurationPlatforms) = preSolution
		Debug|Any CPU = Debug|Any CPU
		Release|Any CPU = Release|Any CPU
	EndGlobalSection
	GlobalSection(ProjectConfigurationPlatforms) = postSolution
		{9C44348C-8EA7-40EC-A5BA-109543D92579}.Debug|Any CPU.ActiveCfg = Debug|Any CPU
		{9C44348C-8EA7-40EC-A5BA-109543D92579}.Debug|Any CPU.Build.0 = Debug|Any CPU
		{9C44348C-8EA7-40EC-A5BA-109543D92579}.Release|Any CPU.ActiveCfg = Release|Any CPU
		{9C44348C-8EA7-40EC-A5BA-109543D92579}.Release|Any CPU.Build.0 = Release|Any CPU
		{9E5FC0E5-46ED-4647-9018-3B0CD3011177}.Debug|Any CPU.ActiveCfg = Debug|Any CPU
		{9E5FC0E5-46ED-4647-9018-3B0CD3011177}.Debug|Any CPU.Build.0 = Debug|Any CPU
		{9E5FC0E5-46ED-4647-9018-3B0CD3011177}.Release|Any CPU.ActiveCfg = Release|Any CPU
		{9E5FC0E5-46ED-4647-9018-3B0CD3011177}.Release|Any CPU.Build.0 = Release|Any CPU
	EndGlobalSection
	GlobalSection(SolutionProperties) = preSolution
		HideSolutionNode = FALSE
	EndGlobalSection
	GlobalSection(ExtensibilityGlobals) = postSolution
		SolutionGuid = {EB994151-C56D-4F0E-B568-057E2FDB2311}
	EndGlobalSection
EndGlobal
